// !$*UTF8*$!
{
	archiveVersion = 1;
	classes = {
	};
	objectVersion = 46;
	objects = {

/* Begin PBXBuildFile section */
		165E0DE6E5BD5D8E0537DD57 /* libPods.a in Frameworks */ = {isa = PBXBuildFile; fileRef = E32594DC0471ACD8778601A1 /* libPods.a */; };
		9F04A08E1A20C88B0092C31A /* EditViewController.xib in Resources */ = {isa = PBXBuildFile; fileRef = 9F04A08D1A20C88B0092C31A /* EditViewController.xib */; };
		9F04A0941A20D7E70092C31A /* CompleteViewController.m in Sources */ = {isa = PBXBuildFile; fileRef = 9F04A0931A20D7E70092C31A /* CompleteViewController.m */; };
		9F04A0981A20D8080092C31A /* CompleteViewController.xib in Resources */ = {isa = PBXBuildFile; fileRef = 9F04A0971A20D8080092C31A /* CompleteViewController.xib */; };
		9F04A09B1A20E01D0092C31A /* UINavigationController+Util.m in Sources */ = {isa = PBXBuildFile; fileRef = 9F04A09A1A20E01D0092C31A /* UINavigationController+Util.m */; };
		9F04A0A31A20E3DE0092C31A /* MaterialViewController.m in Sources */ = {isa = PBXBuildFile; fileRef = 9F04A0A21A20E3DE0092C31A /* MaterialViewController.m */; };
		9F04A0A91A20E8650092C31A /* Social.framework in Frameworks */ = {isa = PBXBuildFile; fileRef = 9F04A0A81A20E8650092C31A /* Social.framework */; };
		9F11EED91A206994002ECFE0 /* CrudeTests.m in Sources */ = {isa = PBXBuildFile; fileRef = 9F11EED81A206994002ECFE0 /* CrudeTests.m */; };
		9F2C1B7A1A20AFB1000F454F /* Utils.m in Sources */ = {isa = PBXBuildFile; fileRef = 9F2C1B791A20AFB1000F454F /* Utils.m */; };
		9FC7793F1A2087FD00CB7D86 /* AppDelegate.m in Sources */ = {isa = PBXBuildFile; fileRef = 9FC779301A2087FD00CB7D86 /* AppDelegate.m */; };
		9FC779401A2087FD00CB7D86 /* Images.xcassets in Resources */ = {isa = PBXBuildFile; fileRef = 9FC779321A2087FD00CB7D86 /* Images.xcassets */; };
		9FC779411A2087FD00CB7D86 /* Info.plist in Resources */ = {isa = PBXBuildFile; fileRef = 9FC779331A2087FD00CB7D86 /* Info.plist */; };
		9FC779421A2087FD00CB7D86 /* main.m in Sources */ = {isa = PBXBuildFile; fileRef = 9FC779341A2087FD00CB7D86 /* main.m */; };
		9FC779441A2087FD00CB7D86 /* UIView+Util.m in Sources */ = {isa = PBXBuildFile; fileRef = 9FC7793A1A2087FD00CB7D86 /* UIView+Util.m */; };
		9FC779451A2087FD00CB7D86 /* EditViewController.m in Sources */ = {isa = PBXBuildFile; fileRef = 9FC7793D1A2087FD00CB7D86 /* EditViewController.m */; };
/* End PBXBuildFile section */

/* Begin PBXContainerItemProxy section */
		9F11EED31A206994002ECFE0 /* PBXContainerItemProxy */ = {
			isa = PBXContainerItemProxy;
			containerPortal = 9F11EEB11A206994002ECFE0 /* Project object */;
			proxyType = 1;
			remoteGlobalIDString = 9F11EEB81A206994002ECFE0;
			remoteInfo = Crude;
		};
/* End PBXContainerItemProxy section */

/* Begin PBXFileReference section */
		5E373A23FF242BFAEDE3AB8F /* Pods.debug.xcconfig */ = {isa = PBXFileReference; includeInIndex = 1; lastKnownFileType = text.xcconfig; name = Pods.debug.xcconfig; path = "Pods/Target Support Files/Pods/Pods.debug.xcconfig"; sourceTree = "<group>"; };
		77D146E138C14667881AD7D1 /* Pods.release.xcconfig */ = {isa = PBXFileReference; includeInIndex = 1; lastKnownFileType = text.xcconfig; name = Pods.release.xcconfig; path = "Pods/Target Support Files/Pods/Pods.release.xcconfig"; sourceTree = "<group>"; };
		9F04A08D1A20C88B0092C31A /* EditViewController.xib */ = {isa = PBXFileReference; fileEncoding = 4; lastKnownFileType = file.xib; path = EditViewController.xib; sourceTree = "<group>"; };
		9F04A0921A20D7E60092C31A /* CompleteViewController.h */ = {isa = PBXFileReference; fileEncoding = 4; lastKnownFileType = sourcecode.c.h; path = CompleteViewController.h; sourceTree = "<group>"; };
		9F04A0931A20D7E70092C31A /* CompleteViewController.m */ = {isa = PBXFileReference; fileEncoding = 4; lastKnownFileType = sourcecode.c.objc; path = CompleteViewController.m; sourceTree = "<group>"; };
		9F04A0971A20D8080092C31A /* CompleteViewController.xib */ = {isa = PBXFileReference; fileEncoding = 4; lastKnownFileType = file.xib; path = CompleteViewController.xib; sourceTree = "<group>"; };
		9F04A0991A20E01D0092C31A /* UINavigationController+Util.h */ = {isa = PBXFileReference; fileEncoding = 4; lastKnownFileType = sourcecode.c.h; path = "UINavigationController+Util.h"; sourceTree = "<group>"; };
		9F04A09A1A20E01D0092C31A /* UINavigationController+Util.m */ = {isa = PBXFileReference; fileEncoding = 4; lastKnownFileType = sourcecode.c.objc; path = "UINavigationController+Util.m"; sourceTree = "<group>"; };
		9F04A0A11A20E3DE0092C31A /* MaterialViewController.h */ = {isa = PBXFileReference; fileEncoding = 4; lastKnownFileType = sourcecode.c.h; path = MaterialViewController.h; sourceTree = "<group>"; };
		9F04A0A21A20E3DE0092C31A /* MaterialViewController.m */ = {isa = PBXFileReference; fileEncoding = 4; lastKnownFileType = sourcecode.c.objc; path = MaterialViewController.m; sourceTree = "<group>"; };
		9F04A0A81A20E8650092C31A /* Social.framework */ = {isa = PBXFileReference; lastKnownFileType = wrapper.framework; name = Social.framework; path = System/Library/Frameworks/Social.framework; sourceTree = SDKROOT; };
		9F11EEB91A206994002ECFE0 /* Crude.app */ = {isa = PBXFileReference; explicitFileType = wrapper.application; includeInIndex = 0; path = Crude.app; sourceTree = BUILT_PRODUCTS_DIR; };
		9F11EED21A206994002ECFE0 /* CrudeTests.xctest */ = {isa = PBXFileReference; explicitFileType = wrapper.cfbundle; includeInIndex = 0; path = CrudeTests.xctest; sourceTree = BUILT_PRODUCTS_DIR; };
		9F11EED71A206994002ECFE0 /* Info.plist */ = {isa = PBXFileReference; lastKnownFileType = text.plist.xml; path = Info.plist; sourceTree = "<group>"; };
		9F11EED81A206994002ECFE0 /* CrudeTests.m */ = {isa = PBXFileReference; lastKnownFileType = sourcecode.c.objc; path = CrudeTests.m; sourceTree = "<group>"; };
		9F2C1B781A20AFB1000F454F /* Utils.h */ = {isa = PBXFileReference; fileEncoding = 4; lastKnownFileType = sourcecode.c.h; path = Utils.h; sourceTree = "<group>"; };
		9F2C1B791A20AFB1000F454F /* Utils.m */ = {isa = PBXFileReference; fileEncoding = 4; lastKnownFileType = sourcecode.c.objc; path = Utils.m; sourceTree = "<group>"; };
		9FC7792F1A2087FD00CB7D86 /* AppDelegate.h */ = {isa = PBXFileReference; fileEncoding = 4; lastKnownFileType = sourcecode.c.h; path = AppDelegate.h; sourceTree = "<group>"; };
		9FC779301A2087FD00CB7D86 /* AppDelegate.m */ = {isa = PBXFileReference; fileEncoding = 4; lastKnownFileType = sourcecode.c.objc; path = AppDelegate.m; sourceTree = "<group>"; };
		9FC779311A2087FD00CB7D86 /* AppGlobal.h */ = {isa = PBXFileReference; fileEncoding = 4; lastKnownFileType = sourcecode.c.h; path = AppGlobal.h; sourceTree = "<group>"; };
		9FC779321A2087FD00CB7D86 /* Images.xcassets */ = {isa = PBXFileReference; lastKnownFileType = folder.assetcatalog; path = Images.xcassets; sourceTree = "<group>"; };
		9FC779331A2087FD00CB7D86 /* Info.plist */ = {isa = PBXFileReference; fileEncoding = 4; lastKnownFileType = text.plist.xml; path = Info.plist; sourceTree = "<group>"; };
		9FC779341A2087FD00CB7D86 /* main.m */ = {isa = PBXFileReference; fileEncoding = 4; lastKnownFileType = sourcecode.c.objc; path = main.m; sourceTree = "<group>"; };
		9FC779351A2087FD00CB7D86 /* PrefixHeader.pch */ = {isa = PBXFileReference; fileEncoding = 4; lastKnownFileType = sourcecode.c.h; path = PrefixHeader.pch; sourceTree = "<group>"; };
		9FC779391A2087FD00CB7D86 /* UIView+Util.h */ = {isa = PBXFileReference; fileEncoding = 4; lastKnownFileType = sourcecode.c.h; path = "UIView+Util.h"; sourceTree = "<group>"; };
		9FC7793A1A2087FD00CB7D86 /* UIView+Util.m */ = {isa = PBXFileReference; fileEncoding = 4; lastKnownFileType = sourcecode.c.objc; path = "UIView+Util.m"; sourceTree = "<group>"; };
		9FC7793C1A2087FD00CB7D86 /* EditViewController.h */ = {isa = PBXFileReference; fileEncoding = 4; lastKnownFileType = sourcecode.c.h; path = EditViewController.h; sourceTree = "<group>"; };
		9FC7793D1A2087FD00CB7D86 /* EditViewController.m */ = {isa = PBXFileReference; fileEncoding = 4; lastKnownFileType = sourcecode.c.objc; path = EditViewController.m; sourceTree = "<group>"; };
		E32594DC0471ACD8778601A1 /* libPods.a */ = {isa = PBXFileReference; explicitFileType = archive.ar; includeInIndex = 0; path = libPods.a; sourceTree = BUILT_PRODUCTS_DIR; };
/* End PBXFileReference section */

/* Begin PBXFrameworksBuildPhase section */
		9F11EEB61A206994002ECFE0 /* Frameworks */ = {
			isa = PBXFrameworksBuildPhase;
			buildActionMask = 2147483647;
			files = (
				9F04A0A91A20E8650092C31A /* Social.framework in Frameworks */,
				165E0DE6E5BD5D8E0537DD57 /* libPods.a in Frameworks */,
			);
			runOnlyForDeploymentPostprocessing = 0;
		};
		9F11EECF1A206994002ECFE0 /* Frameworks */ = {
			isa = PBXFrameworksBuildPhase;
			buildActionMask = 2147483647;
			files = (
			);
			runOnlyForDeploymentPostprocessing = 0;
		};
/* End PBXFrameworksBuildPhase section */

/* Begin PBXGroup section */
		0E4C63AAC37B5D4EF19E012B /* Frameworks */ = {
			isa = PBXGroup;
			children = (
				9F04A0A81A20E8650092C31A /* Social.framework */,
				E32594DC0471ACD8778601A1 /* libPods.a */,
			);
			name = Frameworks;
			sourceTree = "<group>";
		};
		6379ECECA9805622EFC7319C /* Pods */ = {
			isa = PBXGroup;
			children = (
				5E373A23FF242BFAEDE3AB8F /* Pods.debug.xcconfig */,
				77D146E138C14667881AD7D1 /* Pods.release.xcconfig */,
			);
			name = Pods;
			sourceTree = "<group>";
		};
		9F11EEB01A206994002ECFE0 = {
			isa = PBXGroup;
			children = (
				9FC7792D1A2087FD00CB7D86 /* Crude */,
				9F11EED51A206994002ECFE0 /* CrudeTests */,
				9F11EEBA1A206994002ECFE0 /* Products */,
				6379ECECA9805622EFC7319C /* Pods */,
				0E4C63AAC37B5D4EF19E012B /* Frameworks */,
			);
			sourceTree = "<group>";
		};
		9F11EEBA1A206994002ECFE0 /* Products */ = {
			isa = PBXGroup;
			children = (
				9F11EEB91A206994002ECFE0 /* Crude.app */,
				9F11EED21A206994002ECFE0 /* CrudeTests.xctest */,
			);
			name = Products;
			sourceTree = "<group>";
		};
		9F11EED51A206994002ECFE0 /* CrudeTests */ = {
			isa = PBXGroup;
			children = (
				9F11EED81A206994002ECFE0 /* CrudeTests.m */,
				9F11EED61A206994002ECFE0 /* Supporting Files */,
			);
			path = CrudeTests;
			sourceTree = "<group>";
		};
		9F11EED61A206994002ECFE0 /* Supporting Files */ = {
			isa = PBXGroup;
			children = (
				9F11EED71A206994002ECFE0 /* Info.plist */,
			);
			name = "Supporting Files";
			sourceTree = "<group>";
		};
		9FC7792D1A2087FD00CB7D86 /* Crude */ = {
			isa = PBXGroup;
			children = (
				9FC779361A2087FD00CB7D86 /* Util */,
				9FC7793B1A2087FD00CB7D86 /* ViewController */,
				9FC7792F1A2087FD00CB7D86 /* AppDelegate.h */,
				9FC779301A2087FD00CB7D86 /* AppDelegate.m */,
				9FC779311A2087FD00CB7D86 /* AppGlobal.h */,
				9FC779321A2087FD00CB7D86 /* Images.xcassets */,
				9FC779461A20882900CB7D86 /* Supporting Files */,
			);
			path = Crude;
			sourceTree = "<group>";
		};
		9FC779361A2087FD00CB7D86 /* Util */ = {
			isa = PBXGroup;
			children = (
				9F2C1B781A20AFB1000F454F /* Utils.h */,
				9F2C1B791A20AFB1000F454F /* Utils.m */,
				9FC779391A2087FD00CB7D86 /* UIView+Util.h */,
				9FC7793A1A2087FD00CB7D86 /* UIView+Util.m */,
				9F04A0991A20E01D0092C31A /* UINavigationController+Util.h */,
				9F04A09A1A20E01D0092C31A /* UINavigationController+Util.m */,
			);
			path = Util;
			sourceTree = "<group>";
		};
		9FC7793B1A2087FD00CB7D86 /* ViewController */ = {
			isa = PBXGroup;
			children = (
				9FC7793C1A2087FD00CB7D86 /* EditViewController.h */,
				9FC7793D1A2087FD00CB7D86 /* EditViewController.m */,
				9F04A08D1A20C88B0092C31A /* EditViewController.xib */,
				9F04A0921A20D7E60092C31A /* CompleteViewController.h */,
				9F04A0931A20D7E70092C31A /* CompleteViewController.m */,
				9F04A0971A20D8080092C31A /* CompleteViewController.xib */,
				9F04A0A11A20E3DE0092C31A /* MaterialViewController.h */,
				9F04A0A21A20E3DE0092C31A /* MaterialViewController.m */,
			);
			path = ViewController;
			sourceTree = "<group>";
		};
		9FC779461A20882900CB7D86 /* Supporting Files */ = {
			isa = PBXGroup;
			children = (
				9FC779331A2087FD00CB7D86 /* Info.plist */,
				9FC779341A2087FD00CB7D86 /* main.m */,
				9FC779351A2087FD00CB7D86 /* PrefixHeader.pch */,
			);
			name = "Supporting Files";
			sourceTree = "<group>";
		};
/* End PBXGroup section */

/* Begin PBXNativeTarget section */
		9F11EEB81A206994002ECFE0 /* Crude */ = {
			isa = PBXNativeTarget;
			buildConfigurationList = 9F11EEDC1A206994002ECFE0 /* Build configuration list for PBXNativeTarget "Crude" */;
			buildPhases = (
				95D1A8F32B6F298E483AE1A3 /* Check Pods Manifest.lock */,
				9F11EEB51A206994002ECFE0 /* Sources */,
				9F11EEB61A206994002ECFE0 /* Frameworks */,
				9F11EEB71A206994002ECFE0 /* Resources */,
				693369BB712572A9091C7918 /* Copy Pods Resources */,
			);
			buildRules = (
			);
			dependencies = (
			);
			name = Crude;
			productName = Crude;
			productReference = 9F11EEB91A206994002ECFE0 /* Crude.app */;
			productType = "com.apple.product-type.application";
		};
		9F11EED11A206994002ECFE0 /* CrudeTests */ = {
			isa = PBXNativeTarget;
			buildConfigurationList = 9F11EEDF1A206994002ECFE0 /* Build configuration list for PBXNativeTarget "CrudeTests" */;
			buildPhases = (
				9F11EECE1A206994002ECFE0 /* Sources */,
				9F11EECF1A206994002ECFE0 /* Frameworks */,
				9F11EED01A206994002ECFE0 /* Resources */,
			);
			buildRules = (
			);
			dependencies = (
				9F11EED41A206994002ECFE0 /* PBXTargetDependency */,
			);
			name = CrudeTests;
			productName = CrudeTests;
			productReference = 9F11EED21A206994002ECFE0 /* CrudeTests.xctest */;
			productType = "com.apple.product-type.bundle.unit-test";
		};
/* End PBXNativeTarget section */

/* Begin PBXProject section */
		9F11EEB11A206994002ECFE0 /* Project object */ = {
			isa = PBXProject;
			attributes = {
				LastUpgradeCheck = 0610;
				ORGANIZATIONNAME = "tomoya itagawa";
				TargetAttributes = {
					9F11EEB81A206994002ECFE0 = {
						CreatedOnToolsVersion = 6.1;
					};
					9F11EED11A206994002ECFE0 = {
						CreatedOnToolsVersion = 6.1;
						TestTargetID = 9F11EEB81A206994002ECFE0;
					};
				};
			};
			buildConfigurationList = 9F11EEB41A206994002ECFE0 /* Build configuration list for PBXProject "Crude" */;
			compatibilityVersion = "Xcode 3.2";
			developmentRegion = English;
			hasScannedForEncodings = 0;
			knownRegions = (
				en,
				Base,
			);
			mainGroup = 9F11EEB01A206994002ECFE0;
			productRefGroup = 9F11EEBA1A206994002ECFE0 /* Products */;
			projectDirPath = "";
			projectRoot = "";
			targets = (
				9F11EEB81A206994002ECFE0 /* Crude */,
				9F11EED11A206994002ECFE0 /* CrudeTests */,
			);
		};
/* End PBXProject section */

/* Begin PBXResourcesBuildPhase section */
		9F11EEB71A206994002ECFE0 /* Resources */ = {
			isa = PBXResourcesBuildPhase;
			buildActionMask = 2147483647;
			files = (
				9F04A08E1A20C88B0092C31A /* EditViewController.xib in Resources */,
				9FC779401A2087FD00CB7D86 /* Images.xcassets in Resources */,
				9FC779411A2087FD00CB7D86 /* Info.plist in Resources */,
				9F04A0981A20D8080092C31A /* CompleteViewController.xib in Resources */,
			);
			runOnlyForDeploymentPostprocessing = 0;
		};
		9F11EED01A206994002ECFE0 /* Resources */ = {
			isa = PBXResourcesBuildPhase;
			buildActionMask = 2147483647;
			files = (
			);
			runOnlyForDeploymentPostprocessing = 0;
		};
/* End PBXResourcesBuildPhase section */

/* Begin PBXShellScriptBuildPhase section */
		693369BB712572A9091C7918 /* Copy Pods Resources */ = {
			isa = PBXShellScriptBuildPhase;
			buildActionMask = 2147483647;
			files = (
			);
			inputPaths = (
			);
			name = "Copy Pods Resources";
			outputPaths = (
			);
			runOnlyForDeploymentPostprocessing = 0;
			shellPath = /bin/sh;
			shellScript = "\"${SRCROOT}/Pods/Target Support Files/Pods/Pods-resources.sh\"\n";
			showEnvVarsInLog = 0;
		};
		95D1A8F32B6F298E483AE1A3 /* Check Pods Manifest.lock */ = {
			isa = PBXShellScriptBuildPhase;
			buildActionMask = 2147483647;
			files = (
			);
			inputPaths = (
			);
			name = "Check Pods Manifest.lock";
			outputPaths = (
			);
			runOnlyForDeploymentPostprocessing = 0;
			shellPath = /bin/sh;
			shellScript = "diff \"${PODS_ROOT}/../Podfile.lock\" \"${PODS_ROOT}/Manifest.lock\" > /dev/null\nif [[ $? != 0 ]] ; then\n    cat << EOM\nerror: The sandbox is not in sync with the Podfile.lock. Run 'pod install' or update your CocoaPods installation.\nEOM\n    exit 1\nfi\n";
			showEnvVarsInLog = 0;
		};
/* End PBXShellScriptBuildPhase section */

/* Begin PBXSourcesBuildPhase section */
		9F11EEB51A206994002ECFE0 /* Sources */ = {
			isa = PBXSourcesBuildPhase;
			buildActionMask = 2147483647;
			files = (
				9F04A0941A20D7E70092C31A /* CompleteViewController.m in Sources */,
				9F04A0A31A20E3DE0092C31A /* MaterialViewController.m in Sources */,
				9FC779421A2087FD00CB7D86 /* main.m in Sources */,
				9F04A09B1A20E01D0092C31A /* UINavigationController+Util.m in Sources */,
				9FC7793F1A2087FD00CB7D86 /* AppDelegate.m in Sources */,
				9FC779441A2087FD00CB7D86 /* UIView+Util.m in Sources */,
				9F2C1B7A1A20AFB1000F454F /* Utils.m in Sources */,
				9FC779451A2087FD00CB7D86 /* EditViewController.m in Sources */,
			);
			runOnlyForDeploymentPostprocessing = 0;
		};
		9F11EECE1A206994002ECFE0 /* Sources */ = {
			isa = PBXSourcesBuildPhase;
			buildActionMask = 2147483647;
			files = (
				9F11EED91A206994002ECFE0 /* CrudeTests.m in Sources */,
			);
			runOnlyForDeploymentPostprocessing = 0;
		};
/* End PBXSourcesBuildPhase section */

/* Begin PBXTargetDependency section */
		9F11EED41A206994002ECFE0 /* PBXTargetDependency */ = {
			isa = PBXTargetDependency;
			target = 9F11EEB81A206994002ECFE0 /* Crude */;
			targetProxy = 9F11EED31A206994002ECFE0 /* PBXContainerItemProxy */;
		};
/* End PBXTargetDependency section */

/* Begin XCBuildConfiguration section */
		9F11EEDA1A206994002ECFE0 /* Debug */ = {
			isa = XCBuildConfiguration;
			buildSettings = {
				ALWAYS_SEARCH_USER_PATHS = NO;
				CLANG_CXX_LANGUAGE_STANDARD = "gnu++0x";
				CLANG_CXX_LIBRARY = "libc++";
				CLANG_ENABLE_MODULES = YES;
				CLANG_ENABLE_OBJC_ARC = YES;
				CLANG_WARN_BOOL_CONVERSION = YES;
				CLANG_WARN_CONSTANT_CONVERSION = YES;
				CLANG_WARN_DIRECT_OBJC_ISA_USAGE = YES_ERROR;
				CLANG_WARN_EMPTY_BODY = YES;
				CLANG_WARN_ENUM_CONVERSION = YES;
				CLANG_WARN_INT_CONVERSION = YES;
				CLANG_WARN_OBJC_ROOT_CLASS = YES_ERROR;
				CLANG_WARN_UNREACHABLE_CODE = YES;
				CLANG_WARN__DUPLICATE_METHOD_MATCH = YES;
				"CODE_SIGN_IDENTITY[sdk=iphoneos*]" = "iPhone Developer";
				COPY_PHASE_STRIP = NO;
				ENABLE_STRICT_OBJC_MSGSEND = YES;
				GCC_C_LANGUAGE_STANDARD = gnu99;
				GCC_DYNAMIC_NO_PIC = NO;
				GCC_OPTIMIZATION_LEVEL = 0;
				GCC_PREPROCESSOR_DEFINITIONS = (
					"DEBUG=1",
					"$(inherited)",
				);
				GCC_SYMBOLS_PRIVATE_EXTERN = NO;
				GCC_WARN_64_TO_32_BIT_CONVERSION = YES;
				GCC_WARN_ABOUT_RETURN_TYPE = YES_ERROR;
				GCC_WARN_UNDECLARED_SELECTOR = YES;
				GCC_WARN_UNINITIALIZED_AUTOS = YES_AGGRESSIVE;
				GCC_WARN_UNUSED_FUNCTION = YES;
				GCC_WARN_UNUSED_VARIABLE = YES;
				IPHONEOS_DEPLOYMENT_TARGET = 7.0;
				MTL_ENABLE_DEBUG_INFO = YES;
				ONLY_ACTIVE_ARCH = YES;
				SDKROOT = iphoneos;
			};
			name = Debug;
		};
		9F11EEDB1A206994002ECFE0 /* Release */ = {
			isa = XCBuildConfiguration;
			buildSettings = {
				ALWAYS_SEARCH_USER_PATHS = NO;
				CLANG_CXX_LANGUAGE_STANDARD = "gnu++0x";
				CLANG_CXX_LIBRARY = "libc++";
				CLANG_ENABLE_MODULES = YES;
				CLANG_ENABLE_OBJC_ARC = YES;
				CLANG_WARN_BOOL_CONVERSION = YES;
				CLANG_WARN_CONSTANT_CONVERSION = YES;
				CLANG_WARN_DIRECT_OBJC_ISA_USAGE = YES_ERROR;
				CLANG_WARN_EMPTY_BODY = YES;
				CLANG_WARN_ENUM_CONVERSION = YES;
				CLANG_WARN_INT_CONVERSION = YES;
				CLANG_WARN_OBJC_ROOT_CLASS = YES_ERROR;
				CLANG_WARN_UNREACHABLE_CODE = YES;
				CLANG_WARN__DUPLICATE_METHOD_MATCH = YES;
				"CODE_SIGN_IDENTITY[sdk=iphoneos*]" = "iPhone Developer";
				COPY_PHASE_STRIP = YES;
				ENABLE_NS_ASSERTIONS = NO;
				ENABLE_STRICT_OBJC_MSGSEND = YES;
				GCC_C_LANGUAGE_STANDARD = gnu99;
				GCC_WARN_64_TO_32_BIT_CONVERSION = YES;
				GCC_WARN_ABOUT_RETURN_TYPE = YES_ERROR;
				GCC_WARN_UNDECLARED_SELECTOR = YES;
				GCC_WARN_UNINITIALIZED_AUTOS = YES_AGGRESSIVE;
				GCC_WARN_UNUSED_FUNCTION = YES;
				GCC_WARN_UNUSED_VARIABLE = YES;
				IPHONEOS_DEPLOYMENT_TARGET = 7.0;
				MTL_ENABLE_DEBUG_INFO = NO;
				SDKROOT = iphoneos;
				VALIDATE_PRODUCT = YES;
			};
			name = Release;
		};
		9F11EEDD1A206994002ECFE0 /* Debug */ = {
			isa = XCBuildConfiguration;
			baseConfigurationReference = 5E373A23FF242BFAEDE3AB8F /* Pods.debug.xcconfig */;
			buildSettings = {
				ASSETCATALOG_COMPILER_APPICON_NAME = AppIcon;
				ASSETCATALOG_COMPILER_LAUNCHIMAGE_NAME = LaunchImage;
				GCC_PRECOMPILE_PREFIX_HEADER = YES;
				GCC_PREFIX_HEADER = "$(SRCROOT)/$(PRODUCT_NAME)/PrefixHeader.pch";
				INFOPLIST_FILE = Crude/Info.plist;
				LD_RUNPATH_SEARCH_PATHS = "$(inherited) @executable_path/Frameworks";
				PRODUCT_NAME = "$(TARGET_NAME)";
			};
			name = Debug;
		};
		9F11EEDE1A206994002ECFE0 /* Release */ = {
			isa = XCBuildConfiguration;
			baseConfigurationReference = 77D146E138C14667881AD7D1 /* Pods.release.xcconfig */;
			buildSettings = {
				ASSETCATALOG_COMPILER_APPICON_NAME = AppIcon;
				ASSETCATALOG_COMPILER_LAUNCHIMAGE_NAME = LaunchImage;
				GCC_PRECOMPILE_PREFIX_HEADER = YES;
				GCC_PREFIX_HEADER = "$(SRCROOT)/$(PRODUCT_NAME)/PrefixHeader.pch";
				INFOPLIST_FILE = Crude/Info.plist;
				LD_RUNPATH_SEARCH_PATHS = "$(inherited) @executable_path/Frameworks";
				PRODUCT_NAME = "$(TARGET_NAME)";
			};
			name = Release;
		};
		9F11EEE01A206994002ECFE0 /* Debug */ = {
			isa = XCBuildConfiguration;
			buildSettings = {
				BUNDLE_LOADER = "$(TEST_HOST)";
				FRAMEWORK_SEARCH_PATHS = (
					"$(SDKROOT)/Developer/Library/Frameworks",
					"$(inherited)",
				);
				GCC_PREPROCESSOR_DEFINITIONS = (
					"DEBUG=1",
					"$(inherited)",
				);
				INFOPLIST_FILE = CrudeTests/Info.plist;
				LD_RUNPATH_SEARCH_PATHS = "$(inherited) @executable_path/Frameworks @loader_path/Frameworks";
				PRODUCT_NAME = "$(TARGET_NAME)";
				TEST_HOST = "$(BUILT_PRODUCTS_DIR)/Crude.app/Crude";
			};
			name = Debug;
		};
		9F11EEE11A206994002ECFE0 /* Release */ = {
			isa = XCBuildConfiguration;
			buildSettings = {
				BUNDLE_LOADER = "$(TEST_HOST)";
				FRAMEWORK_SEARCH_PATHS = (
					"$(SDKROOT)/Developer/Library/Frameworks",
					"$(inherited)",
				);
				INFOPLIST_FILE = CrudeTests/Info.plist;
				LD_RUNPATH_SEARCH_PATHS = "$(inherited) @executable_path/Frameworks @loader_path/Frameworks";
				PRODUCT_NAME = "$(TARGET_NAME)";
				TEST_HOST = "$(BUILT_PRODUCTS_DIR)/Crude.app/Crude";
			};
			name = Release;
		};
/* End XCBuildConfiguration section */

/* Begin XCConfigurationList section */
		9F11EEB41A206994002ECFE0 /* Build configuration list for PBXProject "Crude" */ = {
			isa = XCConfigurationList;
			buildConfigurations = (
				9F11EEDA1A206994002ECFE0 /* Debug */,
				9F11EEDB1A206994002ECFE0 /* Release */,
			);
			defaultConfigurationIsVisible = 0;
			defaultConfigurationName = Release;
		};
		9F11EEDC1A206994002ECFE0 /* Build configuration list for PBXNativeTarget "Crude" */ = {
			isa = XCConfigurationList;
			buildConfigurations = (
				9F11EEDD1A206994002ECFE0 /* Debug */,
				9F11EEDE1A206994002ECFE0 /* Release */,
			);
			defaultConfigurationIsVisible = 0;
			defaultConfigurationName = Release;
		};
		9F11EEDF1A206994002ECFE0 /* Build configuration list for PBXNativeTarget "CrudeTests" */ = {
			isa = XCConfigurationList;
			buildConfigurations = (
				9F11EEE01A206994002ECFE0 /* Debug */,
				9F11EEE11A206994002ECFE0 /* Release */,
			);
			defaultConfigurationIsVisible = 0;
			defaultConfigurationName = Release;
		};
/* End XCConfigurationList section */
	};
	rootObject = 9F11EEB11A206994002ECFE0 /* Project object */;
}
